
Microsoft Visual Studio Solution File, Format Version 12.00
# Visual Studio Version 16
VisualStudioVersion = 16.0.30717.126
MinimumVisualStudioVersion = 10.0.40219.1
Project("{9A19103F-16F7-4668-BE54-9A1E7A4F7556}") = "CitationMaker", "CitationMaker\CitationMaker.csproj", "{17C1AFA3-7603-439B-AE9F-15693DBD42E4}"
EndProject
Global
	GlobalSection(SolutionConfigurationPlatforms) = preSolution
		Debug|Any CPU = Debug|Any CPU
		Release|Any CPU = Release|Any CPU
	EndGlobalSection
	GlobalSection(ProjectConfigurationPlatforms) = postSolution
		{17C1AFA3-7603-439B-AE9F-15693DBD42E4}.Debug|Any CPU.ActiveCfg = Debug|Any CPU
		{17C1AFA3-7603-439B-AE9F-15693DBD42E4}.Debug|Any CPU.Build.0 = Debug|Any CPU
		{17C1AFA3-7603-439B-AE9F-15693DBD42E4}.Release|Any CPU.ActiveCfg = Release|Any CPU
		{17C1AFA3-7603-439B-AE9F-15693DBD42E4}.Release|Any CPU.Build.0 = Release|Any CPU
	EndGlobalSection
	GlobalSection(SolutionProperties) = preSolution
		HideSolutionNode = FALSE
	EndGlobalSection
	GlobalSection(ExtensibilityGlobals) = postSolution
		SolutionGuid = {EBBA9ADC-F22C-4F46-8246-B91E96E6A117}
	EndGlobalSection
EndGlobal
